
Microsoft Visual Studio Solution File, Format Version 12.00
# Visual Studio 15
VisualStudioVersion = 15.0.27130.2036
MinimumVisualStudioVersion = 10.0.40219.1
Project("{FAE04EC0-301F-11D3-BF4B-00C04F79EFBC}") = "Lab1", "Lab1\Lab1.csproj", "{54AC4E8B-CEBC-41BA-B8B4-11002CC31C47}"
EndProject
Global
	GlobalSection(SolutionConfigurationPlatforms) = preSolution
		Debug|Any CPU = Debug|Any CPU
		Release|Any CPU = Release|Any CPU
	EndGlobalSection
	GlobalSection(ProjectConfigurationPlatforms) = postSolution
		{54AC4E8B-CEBC-41BA-B8B4-11002CC31C47}.Debug|Any CPU.ActiveCfg = Debug|Any CPU
		{54AC4E8B-CEBC-41BA-B8B4-11002CC31C47}.Debug|Any CPU.Build.0 = Debug|Any CPU
		{54AC4E8B-CEBC-41BA-B8B4-11002CC31C47}.Release|Any CPU.ActiveCfg = Release|Any CPU
		{54AC4E8B-CEBC-41BA-B8B4-11002CC31C47}.Release|Any CPU.Build.0 = Release|Any CPU
	EndGlobalSection
	GlobalSection(SolutionProperties) = preSolution
		HideSolutionNode = FALSE
	EndGlobalSection
	GlobalSection(ExtensibilityGlobals) = postSolution
		SolutionGuid = {F48851D3-CA6C-443A-ACB7-0AE309D387C1}
	EndGlobalSection
EndGlobal
